// !$*UTF8*$!
{
	archiveVersion = 1;
	classes = {
	};
	objectVersion = 50;
	objects = {

/* Begin PBXBuildFile section */
		D38F64D32683613600D628CB /* AppDelegate.swift in Sources */ = {isa = PBXBuildFile; fileRef = D38F64D22683613600D628CB /* AppDelegate.swift */; };
		D38F64D52683613600D628CB /* SceneDelegate.swift in Sources */ = {isa = PBXBuildFile; fileRef = D38F64D42683613600D628CB /* SceneDelegate.swift */; };
		D38F64D72683613600D628CB /* ViewController.swift in Sources */ = {isa = PBXBuildFile; fileRef = D38F64D62683613600D628CB /* ViewController.swift */; };
		D38F64DA2683613600D628CB /* Main.storyboard in Resources */ = {isa = PBXBuildFile; fileRef = D38F64D82683613600D628CB /* Main.storyboard */; };
		D38F64DD2683613600D628CB /* Test.xcdatamodeld in Sources */ = {isa = PBXBuildFile; fileRef = D38F64DB2683613600D628CB /* Test.xcdatamodeld */; };
		D38F64DF2683613700D628CB /* Assets.xcassets in Resources */ = {isa = PBXBuildFile; fileRef = D38F64DE2683613700D628CB /* Assets.xcassets */; };
		D38F64E22683613700D628CB /* LaunchScreen.storyboard in Resources */ = {isa = PBXBuildFile; fileRef = D38F64E02683613700D628CB /* LaunchScreen.storyboard */; };
		D38F64ED2683613800D628CB /* TestTests.swift in Sources */ = {isa = PBXBuildFile; fileRef = D38F64EC2683613800D628CB /* TestTests.swift */; };
		D38F64F82683613800D628CB /* TestUITests.swift in Sources */ = {isa = PBXBuildFile; fileRef = D38F64F72683613800D628CB /* TestUITests.swift */; };
/* End PBXBuildFile section */

/* Begin PBXContainerItemProxy section */
		D38F64E92683613800D628CB /* PBXContainerItemProxy */ = {
			isa = PBXContainerItemProxy;
			containerPortal = D38F64C72683613600D628CB /* Project object */;
			proxyType = 1;
			remoteGlobalIDString = D38F64CE2683613600D628CB;
			remoteInfo = Test;
		};
		D38F64F42683613800D628CB /* PBXContainerItemProxy */ = {
			isa = PBXContainerItemProxy;
			containerPortal = D38F64C72683613600D628CB /* Project object */;
			proxyType = 1;
			remoteGlobalIDString = D38F64CE2683613600D628CB;
			remoteInfo = Test;
		};
/* End PBXContainerItemProxy section */

/* Begin PBXFileReference section */
		D38F64CF2683613600D628CB /* Test.app */ = {isa = PBXFileReference; explicitFileType = wrapper.application; includeInIndex = 0; path = Test.app; sourceTree = BUILT_PRODUCTS_DIR; };
		D38F64D22683613600D628CB /* AppDelegate.swift */ = {isa = PBXFileReference; lastKnownFileType = sourcecode.swift; path = AppDelegate.swift; sourceTree = "<group>"; };
		D38F64D42683613600D628CB /* SceneDelegate.swift */ = {isa = PBXFileReference; lastKnownFileType = sourcecode.swift; path = SceneDelegate.swift; sourceTree = "<group>"; };
		D38F64D62683613600D628CB /* ViewController.swift */ = {isa = PBXFileReference; lastKnownFileType = sourcecode.swift; path = ViewController.swift; sourceTree = "<group>"; };
		D38F64D92683613600D628CB /* Base */ = {isa = PBXFileReference; lastKnownFileType = file.storyboard; name = Base; path = Base.lproj/Main.storyboard; sourceTree = "<group>"; };
		D38F64DC2683613600D628CB /* Test.xcdatamodel */ = {isa = PBXFileReference; lastKnownFileType = wrapper.xcdatamodel; path = Test.xcdatamodel; sourceTree = "<group>"; };
		D38F64DE2683613700D628CB /* Assets.xcassets */ = {isa = PBXFileReference; lastKnownFileType = folder.assetcatalog; path = Assets.xcassets; sourceTree = "<group>"; };
		D38F64E12683613700D628CB /* Base */ = {isa = PBXFileReference; lastKnownFileType = file.storyboard; name = Base; path = Base.lproj/LaunchScreen.storyboard; sourceTree = "<group>"; };
		D38F64E32683613700D628CB /* Info.plist */ = {isa = PBXFileReference; lastKnownFileType = text.plist.xml; path = Info.plist; sourceTree = "<group>"; };
		D38F64E82683613800D628CB /* TestTests.xctest */ = {isa = PBXFileReference; explicitFileType = wrapper.cfbundle; includeInIndex = 0; path = TestTests.xctest; sourceTree = BUILT_PRODUCTS_DIR; };
		D38F64EC2683613800D628CB /* TestTests.swift */ = {isa = PBXFileReference; lastKnownFileType = sourcecode.swift; path = TestTests.swift; sourceTree = "<group>"; };
		D38F64EE2683613800D628CB /* Info.plist */ = {isa = PBXFileReference; lastKnownFileType = text.plist.xml; path = Info.plist; sourceTree = "<group>"; };
		D38F64F32683613800D628CB /* TestUITests.xctest */ = {isa = PBXFileReference; explicitFileType = wrapper.cfbundle; includeInIndex = 0; path = TestUITests.xctest; sourceTree = BUILT_PRODUCTS_DIR; };
		D38F64F72683613800D628CB /* TestUITests.swift */ = {isa = PBXFileReference; lastKnownFileType = sourcecode.swift; path = TestUITests.swift; sourceTree = "<group>"; };
		D38F64F92683613800D628CB /* Info.plist */ = {isa = PBXFileReference; lastKnownFileType = text.plist.xml; path = Info.plist; sourceTree = "<group>"; };
/* End PBXFileReference section */

/* Begin PBXFrameworksBuildPhase section */
		D38F64CC2683613600D628CB /* Frameworks */ = {
			isa = PBXFrameworksBuildPhase;
			buildActionMask = 2147483647;
			files = (
			);
			runOnlyForDeploymentPostprocessing = 0;
		};
		D38F64E52683613800D628CB /* Frameworks */ = {
			isa = PBXFrameworksBuildPhase;
			buildActionMask = 2147483647;
			files = (
			);
			runOnlyForDeploymentPostprocessing = 0;
		};
		D38F64F02683613800D628CB /* Frameworks */ = {
			isa = PBXFrameworksBuildPhase;
			buildActionMask = 2147483647;
			files = (
			);
			runOnlyForDeploymentPostprocessing = 0;
		};
/* End PBXFrameworksBuildPhase section */

/* Begin PBXGroup section */
		D38F64C62683613600D628CB = {
			isa = PBXGroup;
			children = (
				D38F64D12683613600D628CB /* Test */,
				D38F64EB2683613800D628CB /* TestTests */,
				D38F64F62683613800D628CB /* TestUITests */,
				D38F64D02683613600D628CB /* Products */,
			);
			sourceTree = "<group>";
		};
		D38F64D02683613600D628CB /* Products */ = {
			isa = PBXGroup;
			children = (
				D38F64CF2683613600D628CB /* Test.app */,
				D38F64E82683613800D628CB /* TestTests.xctest */,
				D38F64F32683613800D628CB /* TestUITests.xctest */,
			);
			name = Products;
			sourceTree = "<group>";
		};
		D38F64D12683613600D628CB /* Test */ = {
			isa = PBXGroup;
			children = (
				D38F64D22683613600D628CB /* AppDelegate.swift */,
				D38F64D42683613600D628CB /* SceneDelegate.swift */,
				D38F64D62683613600D628CB /* ViewController.swift */,
				D38F64D82683613600D628CB /* Main.storyboard */,
				D38F64DE2683613700D628CB /* Assets.xcassets */,
				D38F64E02683613700D628CB /* LaunchScreen.storyboard */,
				D38F64E32683613700D628CB /* Info.plist */,
				D38F64DB2683613600D628CB /* Test.xcdatamodeld */,
			);
			path = Test;
			sourceTree = "<group>";
		};
		D38F64EB2683613800D628CB /* TestTests */ = {
			isa = PBXGroup;
			children = (
				D38F64EC2683613800D628CB /* TestTests.swift */,
				D38F64EE2683613800D628CB /* Info.plist */,
			);
			path = TestTests;
			sourceTree = "<group>";
		};
		D38F64F62683613800D628CB /* TestUITests */ = {
			isa = PBXGroup;
			children = (
				D38F64F72683613800D628CB /* TestUITests.swift */,
				D38F64F92683613800D628CB /* Info.plist */,
			);
			path = TestUITests;
			sourceTree = "<group>";
		};
/* End PBXGroup section */

/* Begin PBXNativeTarget section */
		D38F64CE2683613600D628CB /* Test */ = {
			isa = PBXNativeTarget;
			buildConfigurationList = D38F64FC2683613800D628CB /* Build configuration list for PBXNativeTarget "Test" */;
			buildPhases = (
				D38F64CB2683613600D628CB /* Sources */,
				D38F64CC2683613600D628CB /* Frameworks */,
				D38F64CD2683613600D628CB /* Resources */,
			);
			buildRules = (
			);
			dependencies = (
			);
			name = Test;
			productName = Test;
			productReference = D38F64CF2683613600D628CB /* Test.app */;
			productType = "com.apple.product-type.application";
		};
		D38F64E72683613800D628CB /* TestTests */ = {
			isa = PBXNativeTarget;
			buildConfigurationList = D38F64FF2683613800D628CB /* Build configuration list for PBXNativeTarget "TestTests" */;
			buildPhases = (
				D38F64E42683613800D628CB /* Sources */,
				D38F64E52683613800D628CB /* Frameworks */,
				D38F64E62683613800D628CB /* Resources */,
			);
			buildRules = (
			);
			dependencies = (
				D38F64EA2683613800D628CB /* PBXTargetDependency */,
			);
			name = TestTests;
			productName = TestTests;
			productReference = D38F64E82683613800D628CB /* TestTests.xctest */;
			productType = "com.apple.product-type.bundle.unit-test";
		};
		D38F64F22683613800D628CB /* TestUITests */ = {
			isa = PBXNativeTarget;
			buildConfigurationList = D38F65022683613800D628CB /* Build configuration list for PBXNativeTarget "TestUITests" */;
			buildPhases = (
				D38F64EF2683613800D628CB /* Sources */,
				D38F64F02683613800D628CB /* Frameworks */,
				D38F64F12683613800D628CB /* Resources */,
			);
			buildRules = (
			);
			dependencies = (
				D38F64F52683613800D628CB /* PBXTargetDependency */,
			);
			name = TestUITests;
			productName = TestUITests;
			productReference = D38F64F32683613800D628CB /* TestUITests.xctest */;
			productType = "com.apple.product-type.bundle.ui-testing";
		};
/* End PBXNativeTarget section */

/* Begin PBXProject section */
		D38F64C72683613600D628CB /* Project object */ = {
			isa = PBXProject;
			attributes = {
				LastSwiftUpdateCheck = 1250;
				LastUpgradeCheck = 1250;
				TargetAttributes = {
					D38F64CE2683613600D628CB = {
						CreatedOnToolsVersion = 12.5.1;
					};
					D38F64E72683613800D628CB = {
						CreatedOnToolsVersion = 12.5.1;
						TestTargetID = D38F64CE2683613600D628CB;
					};
					D38F64F22683613800D628CB = {
						CreatedOnToolsVersion = 12.5.1;
						TestTargetID = D38F64CE2683613600D628CB;
					};
				};
			};
			buildConfigurationList = D38F64CA2683613600D628CB /* Build configuration list for PBXProject "Test" */;
			compatibilityVersion = "Xcode 9.3";
			developmentRegion = en;
			hasScannedForEncodings = 0;
			knownRegions = (
				en,
				Base,
			);
			mainGroup = D38F64C62683613600D628CB;
			productRefGroup = D38F64D02683613600D628CB /* Products */;
			projectDirPath = "";
			projectRoot = "";
			targets = (
				D38F64CE2683613600D628CB /* Test */,
				D38F64E72683613800D628CB /* TestTests */,
				D38F64F22683613800D628CB /* TestUITests */,
			);
		};
/* End PBXProject section */

/* Begin PBXResourcesBuildPhase section */
		D38F64CD2683613600D628CB /* Resources */ = {
			isa = PBXResourcesBuildPhase;
			buildActionMask = 2147483647;
			files = (
				D38F64E22683613700D628CB /* LaunchScreen.storyboard in Resources */,
				D38F64DF2683613700D628CB /* Assets.xcassets in Resources */,
				D38F64DA2683613600D628CB /* Main.storyboard in Resources */,
			);
			runOnlyForDeploymentPostprocessing = 0;
		};
		D38F64E62683613800D628CB /* Resources */ = {
			isa = PBXResourcesBuildPhase;
			buildActionMask = 2147483647;
			files = (
			);
			runOnlyForDeploymentPostprocessing = 0;
		};
		D38F64F12683613800D628CB /* Resources */ = {
			isa = PBXResourcesBuildPhase;
			buildActionMask = 2147483647;
			files = (
			);
			runOnlyForDeploymentPostprocessing = 0;
		};
/* End PBXResourcesBuildPhase section */

/* Begin PBXSourcesBuildPhase section */
		D38F64CB2683613600D628CB /* Sources */ = {
			isa = PBXSourcesBuildPhase;
			buildActionMask = 2147483647;
			files = (
				D38F64D72683613600D628CB /* ViewController.swift in Sources */,
				D38F64DD2683613600D628CB /* Test.xcdatamodeld in Sources */,
				D38F64D32683613600D628CB /* AppDelegate.swift in Sources */,
				D38F64D52683613600D628CB /* SceneDelegate.swift in Sources */,
			);
			runOnlyForDeploymentPostprocessing = 0;
		};
		D38F64E42683613800D628CB /* Sources */ = {
			isa = PBXSourcesBuildPhase;
			buildActionMask = 2147483647;
			files = (
				D38F64ED2683613800D628CB /* TestTests.swift in Sources */,
			);
			runOnlyForDeploymentPostprocessing = 0;
		};
		D38F64EF2683613800D628CB /* Sources */ = {
			isa = PBXSourcesBuildPhase;
			buildActionMask = 2147483647;
			files = (
				D38F64F82683613800D628CB /* TestUITests.swift in Sources */,
			);
			runOnlyForDeploymentPostprocessing = 0;
		};
/* End PBXSourcesBuildPhase section */

/* Begin PBXTargetDependency section */
		D38F64EA2683613800D628CB /* PBXTargetDependency */ = {
			isa = PBXTargetDependency;
			target = D38F64CE2683613600D628CB /* Test */;
			targetProxy = D38F64E92683613800D628CB /* PBXContainerItemProxy */;
		};
		D38F64F52683613800D628CB /* PBXTargetDependency */ = {
			isa = PBXTargetDependency;
			target = D38F64CE2683613600D628CB /* Test */;
			targetProxy = D38F64F42683613800D628CB /* PBXContainerItemProxy */;
		};
/* End PBXTargetDependency section */

/* Begin PBXVariantGroup section */
		D38F64D82683613600D628CB /* Main.storyboard */ = {
			isa = PBXVariantGroup;
			children = (
				D38F64D92683613600D628CB /* Base */,
			);
			name = Main.storyboard;
			sourceTree = "<group>";
		};
		D38F64E02683613700D628CB /* LaunchScreen.storyboard */ = {
			isa = PBXVariantGroup;
			children = (
				D38F64E12683613700D628CB /* Base */,
			);
			name = LaunchScreen.storyboard;
			sourceTree = "<group>";
		};
/* End PBXVariantGroup section */

/* Begin XCBuildConfiguration section */
		D38F64FA2683613800D628CB /* Debug */ = {
			isa = XCBuildConfiguration;
			buildSettings = {
				ALWAYS_SEARCH_USER_PATHS = NO;
				CLANG_ANALYZER_NONNULL = YES;
				CLANG_ANALYZER_NUMBER_OBJECT_CONVERSION = YES_AGGRESSIVE;
				CLANG_CXX_LANGUAGE_STANDARD = "gnu++14";
				CLANG_CXX_LIBRARY = "libc++";
				CLANG_ENABLE_MODULES = YES;
				CLANG_ENABLE_OBJC_ARC = YES;
				CLANG_ENABLE_OBJC_WEAK = YES;
				CLANG_WARN_BLOCK_CAPTURE_AUTORELEASING = YES;
				CLANG_WARN_BOOL_CONVERSION = YES;
				CLANG_WARN_COMMA = YES;
				CLANG_WARN_CONSTANT_CONVERSION = YES;
				CLANG_WARN_DEPRECATED_OBJC_IMPLEMENTATIONS = YES;
				CLANG_WARN_DIRECT_OBJC_ISA_USAGE = YES_ERROR;
				CLANG_WARN_DOCUMENTATION_COMMENTS = YES;
				CLANG_WARN_EMPTY_BODY = YES;
				CLANG_WARN_ENUM_CONVERSION = YES;
				CLANG_WARN_INFINITE_RECURSION = YES;
				CLANG_WARN_INT_CONVERSION = YES;
				CLANG_WARN_NON_LITERAL_NULL_CONVERSION = YES;
				CLANG_WARN_OBJC_IMPLICIT_RETAIN_SELF = YES;
				CLANG_WARN_OBJC_LITERAL_CONVERSION = YES;
				CLANG_WARN_OBJC_ROOT_CLASS = YES_ERROR;
				CLANG_WARN_QUOTED_INCLUDE_IN_FRAMEWORK_HEADER = YES;
				CLANG_WARN_RANGE_LOOP_ANALYSIS = YES;
				CLANG_WARN_STRICT_PROTOTYPES = YES;
				CLANG_WARN_SUSPICIOUS_MOVE = YES;
				CLANG_WARN_UNGUARDED_AVAILABILITY = YES_AGGRESSIVE;
				CLANG_WARN_UNREACHABLE_CODE = YES;
				CLANG_WARN__DUPLICATE_METHOD_MATCH = YES;
				COPY_PHASE_STRIP = NO;
				DEBUG_INFORMATION_FORMAT = dwarf;
				ENABLE_STRICT_OBJC_MSGSEND = YES;
				ENABLE_TESTABILITY = YES;
				GCC_C_LANGUAGE_STANDARD = gnu11;
				GCC_DYNAMIC_NO_PIC = NO;
				GCC_NO_COMMON_BLOCKS = YES;
				GCC_OPTIMIZATION_LEVEL = 0;
				GCC_PREPROCESSOR_DEFINITIONS = (
					"DEBUG=1",
					"$(inherited)",
				);
				GCC_WARN_64_TO_32_BIT_CONVERSION = YES;
				GCC_WARN_ABOUT_RETURN_TYPE = YES_ERROR;
				GCC_WARN_UNDECLARED_SELECTOR = YES;
				GCC_WARN_UNINITIALIZED_AUTOS = YES_AGGRESSIVE;
				GCC_WARN_UNUSED_FUNCTION = YES;
				GCC_WARN_UNUSED_VARIABLE = YES;
				IPHONEOS_DEPLOYMENT_TARGET = 14.5;
				MTL_ENABLE_DEBUG_INFO = INCLUDE_SOURCE;
				MTL_FAST_MATH = YES;
				ONLY_ACTIVE_ARCH = YES;
				SDKROOT = iphoneos;
				SWIFT_ACTIVE_COMPILATION_CONDITIONS = DEBUG;
				SWIFT_OPTIMIZATION_LEVEL = "-Onone";
			};
			name = Debug;
		};
		D38F64FB2683613800D628CB /* Release */ = {
			isa = XCBuildConfiguration;
			buildSettings = {
				ALWAYS_SEARCH_USER_PATHS = NO;
				CLANG_ANALYZER_NONNULL = YES;
				CLANG_ANALYZER_NUMBER_OBJECT_CONVERSION = YES_AGGRESSIVE;
				CLANG_CXX_LANGUAGE_STANDARD = "gnu++14";
				CLANG_CXX_LIBRARY = "libc++";
				CLANG_ENABLE_MODULES = YES;
				CLANG_ENABLE_OBJC_ARC = YES;
				CLANG_ENABLE_OBJC_WEAK = YES;
				CLANG_WARN_BLOCK_CAPTURE_AUTORELEASING = YES;
				CLANG_WARN_BOOL_CONVERSION = YES;
				CLANG_WARN_COMMA = YES;
				CLANG_WARN_CONSTANT_CONVERSION = YES;
				CLANG_WARN_DEPRECATED_OBJC_IMPLEMENTATIONS = YES;
				CLANG_WARN_DIRECT_OBJC_ISA_USAGE = YES_ERROR;
				CLANG_WARN_DOCUMENTATION_COMMENTS = YES;
				CLANG_WARN_EMPTY_BODY = YES;
				CLANG_WARN_ENUM_CONVERSION = YES;
				CLANG_WARN_INFINITE_RECURSION = YES;
				CLANG_WARN_INT_CONVERSION = YES;
				CLANG_WARN_NON_LITERAL_NULL_CONVERSION = YES;
				CLANG_WARN_OBJC_IMPLICIT_RETAIN_SELF = YES;
				CLANG_WARN_OBJC_LITERAL_CONVERSION = YES;
				CLANG_WARN_OBJC_ROOT_CLASS = YES_ERROR;
				CLANG_WARN_QUOTED_INCLUDE_IN_FRAMEWORK_HEADER = YES;
				CLANG_WARN_RANGE_LOOP_ANALYSIS = YES;
				CLANG_WARN_STRICT_PROTOTYPES = YES;
				CLANG_WARN_SUSPICIOUS_MOVE = YES;
				CLANG_WARN_UNGUARDED_AVAILABILITY = YES_AGGRESSIVE;
				CLANG_WARN_UNREACHABLE_CODE = YES;
				CLANG_WARN__DUPLICATE_METHOD_MATCH = YES;
				COPY_PHASE_STRIP = NO;
				DEBUG_INFORMATION_FORMAT = "dwarf-with-dsym";
				ENABLE_NS_ASSERTIONS = NO;
				ENABLE_STRICT_OBJC_MSGSEND = YES;
				GCC_C_LANGUAGE_STANDARD = gnu11;
				GCC_NO_COMMON_BLOCKS = YES;
				GCC_WARN_64_TO_32_BIT_CONVERSION = YES;
				GCC_WARN_ABOUT_RETURN_TYPE = YES_ERROR;
				GCC_WARN_UNDECLARED_SELECTOR = YES;
				GCC_WARN_UNINITIALIZED_AUTOS = YES_AGGRESSIVE;
				GCC_WARN_UNUSED_FUNCTION = YES;
				GCC_WARN_UNUSED_VARIABLE = YES;
				IPHONEOS_DEPLOYMENT_TARGET = 14.5;
				MTL_ENABLE_DEBUG_INFO = NO;
				MTL_FAST_MATH = YES;
				SDKROOT = iphoneos;
				SWIFT_COMPILATION_MODE = wholemodule;
				SWIFT_OPTIMIZATION_LEVEL = "-O";
				VALIDATE_PRODUCT = YES;
			};
			name = Release;
		};
		D38F64FD2683613800D628CB /* Debug */ = {
			isa = XCBuildConfiguration;
			buildSettings = {
				ASSETCATALOG_COMPILER_APPICON_NAME = AppIcon;
				ASSETCATALOG_COMPILER_GLOBAL_ACCENT_COLOR_NAME = AccentColor;
				CODE_SIGN_STYLE = Automatic;
				INFOPLIST_FILE = Test/Info.plist;
				LD_RUNPATH_SEARCH_PATHS = (
					"$(inherited)",
					"@executable_path/Frameworks",
				);
				PRODUCT_BUNDLE_IDENTIFIER = Test.Test;
				PRODUCT_NAME = "$(TARGET_NAME)";
				SWIFT_VERSION = 5.0;
				TARGETED_DEVICE_FAMILY = "1,2";
			};
			name = Debug;
		};
		D38F64FE2683613800D628CB /* Release */ = {
			isa = XCBuildConfiguration;
			buildSettings = {
				ASSETCATALOG_COMPILER_APPICON_NAME = AppIcon;
				ASSETCATALOG_COMPILER_GLOBAL_ACCENT_COLOR_NAME = AccentColor;
				CODE_SIGN_STYLE = Automatic;
				INFOPLIST_FILE = Test/Info.plist;
				LD_RUNPATH_SEARCH_PATHS = (
					"$(inherited)",
					"@executable_path/Frameworks",
				);
				PRODUCT_BUNDLE_IDENTIFIER = Test.Test;
				PRODUCT_NAME = "$(TARGET_NAME)";
				SWIFT_VERSION = 5.0;
				TARGETED_DEVICE_FAMILY = "1,2";
			};
			name = Release;
		};
		D38F65002683613800D628CB /* Debug */ = {
			isa = XCBuildConfiguration;
			buildSettings = {
				ALWAYS_EMBED_SWIFT_STANDARD_LIBRARIES = YES;
				BUNDLE_LOADER = "$(TEST_HOST)";
				CODE_SIGN_STYLE = Automatic;
				INFOPLIST_FILE = TestTests/Info.plist;
				IPHONEOS_DEPLOYMENT_TARGET = 14.5;
				LD_RUNPATH_SEARCH_PATHS = (
					"$(inherited)",
					"@executable_path/Frameworks",
					"@loader_path/Frameworks",
				);
				PRODUCT_BUNDLE_IDENTIFIER = Test.TestTests;
				PRODUCT_NAME = "$(TARGET_NAME)";
				SWIFT_VERSION = 5.0;
				TARGETED_DEVICE_FAMILY = "1,2";
				TEST_HOST = "$(BUILT_PRODUCTS_DIR)/Test.app/Test";
			};
			name = Debug;
		};
		D38F65012683613800D628CB /* Release */ = {
			isa = XCBuildConfiguration;
			buildSettings = {
				ALWAYS_EMBED_SWIFT_STANDARD_LIBRARIES = YES;
				BUNDLE_LOADER = "$(TEST_HOST)";
				CODE_SIGN_STYLE = Automatic;
				INFOPLIST_FILE = TestTests/Info.plist;
				IPHONEOS_DEPLOYMENT_TARGET = 14.5;
				LD_RUNPATH_SEARCH_PATHS = (
					"$(inherited)",
					"@executable_path/Frameworks",
					"@loader_path/Frameworks",
				);
				PRODUCT_BUNDLE_IDENTIFIER = Test.TestTests;
				PRODUCT_NAME = "$(TARGET_NAME)";
				SWIFT_VERSION = 5.0;
				TARGETED_DEVICE_FAMILY = "1,2";
				TEST_HOST = "$(BUILT_PRODUCTS_DIR)/Test.app/Test";
			};
			name = Release;
		};
		D38F65032683613800D628CB /* Debug */ = {
			isa = XCBuildConfiguration;
			buildSettings = {
				ALWAYS_EMBED_SWIFT_STANDARD_LIBRARIES = YES;
				CODE_SIGN_STYLE = Automatic;
				INFOPLIST_FILE = TestUITests/Info.plist;
				LD_RUNPATH_SEARCH_PATHS = (
					"$(inherited)",
					"@executable_path/Frameworks",
					"@loader_path/Frameworks",
				);
				PRODUCT_BUNDLE_IDENTIFIER = Test.TestUITests;
				PRODUCT_NAME = "$(TARGET_NAME)";
				SWIFT_VERSION = 5.0;
				TARGETED_DEVICE_FAMILY = "1,2";
				TEST_TARGET_NAME = Test;
			};
			name = Debug;
		};
		D38F65042683613800D628CB /* Release */ = {
			isa = XCBuildConfiguration;
			buildSettings = {
				ALWAYS_EMBED_SWIFT_STANDARD_LIBRARIES = YES;
				CODE_SIGN_STYLE = Automatic;
				INFOPLIST_FILE = TestUITests/Info.plist;
				LD_RUNPATH_SEARCH_PATHS = (
					"$(inherited)",
					"@executable_path/Frameworks",
					"@loader_path/Frameworks",
				);
				PRODUCT_BUNDLE_IDENTIFIER = Test.TestUITests;
				PRODUCT_NAME = "$(TARGET_NAME)";
				SWIFT_VERSION = 5.0;
				TARGETED_DEVICE_FAMILY = "1,2";
				TEST_TARGET_NAME = Test;
			};
			name = Release;
		};
/* End XCBuildConfiguration section */

/* Begin XCConfigurationList section */
		D38F64CA2683613600D628CB /* Build configuration list for PBXProject "Test" */ = {
			isa = XCConfigurationList;
			buildConfigurations = (
				D38F64FA2683613800D628CB /* Debug */,
				D38F64FB2683613800D628CB /* Release */,
			);
			defaultConfigurationIsVisible = 0;
			defaultConfigurationName = Release;
		};
		D38F64FC2683613800D628CB /* Build configuration list for PBXNativeTarget "Test" */ = {
			isa = XCConfigurationList;
			buildConfigurations = (
				D38F64FD2683613800D628CB /* Debug */,
				D38F64FE2683613800D628CB /* Release */,
			);
			defaultConfigurationIsVisible = 0;
			defaultConfigurationName = Release;
		};
		D38F64FF2683613800D628CB /* Build configuration list for PBXNativeTarget "TestTests" */ = {
			isa = XCConfigurationList;
			buildConfigurations = (
				D38F65002683613800D628CB /* Debug */,
				D38F65012683613800D628CB /* Release */,
			);
			defaultConfigurationIsVisible = 0;
			defaultConfigurationName = Release;
		};
		D38F65022683613800D628CB /* Build configuration list for PBXNativeTarget "TestUITests" */ = {
			isa = XCConfigurationList;
			buildConfigurations = (
				D38F65032683613800D628CB /* Debug */,
				D38F65042683613800D628CB /* Release */,
			);
			defaultConfigurationIsVisible = 0;
			defaultConfigurationName = Release;
		};
/* End XCConfigurationList section */

/* Begin XCVersionGroup section */
		D38F64DB2683613600D628CB /* Test.xcdatamodeld */ = {
			isa = XCVersionGroup;
			children = (
				D38F64DC2683613600D628CB /* Test.xcdatamodel */,
			);
			currentVersion = D38F64DC2683613600D628CB /* Test.xcdatamodel */;
			path = Test.xcdatamodeld;
			sourceTree = "<group>";
			versionGroupType = wrapper.xcdatamodel;
		};
/* End XCVersionGroup section */
	};
	rootObject = D38F64C72683613600D628CB /* Project object */;
}
